<Solution>
  <Folder Name="/src/">
    <Project Path="src/TimestampCopy.Core/TimestampCopy.Core.csproj" />
    <Project Path="src/tscp/tscp.csproj" />
    <Project Path="src/tscpw/tscpw.csproj" />
  </Folder>
  <Folder Name="/tests/">
    <Project Path="tests/TimestampCopy.Tests/TimestampCopy.Tests.csproj" />
  </Folder>
</Solution>
